PODS:
  - Kingfisher (4.10.1)
  - RxAtomic (4.4.0)
  - RxBlocking (4.4.0):
    - RxAtomic (~> 4.4)
    - RxSwift (~> 4.0)
  - RxCocoa (4.4.0):
    - RxSwift (~> 4.0)
  - RxSwift (4.4.0):
    - RxAtomic (~> 4.4)

DEPENDENCIES:
  - Kingfisher
  - RxBlocking
  - RxCocoa
  - RxSwift

SPEC REPOS:
  https://github.com/cocoapods/specs.git:
    - Kingfisher
    - RxAtomic
    - RxBlocking
    - RxCocoa
    - RxSwift

SPEC CHECKSUMS:
  Kingfisher: c148cd7b47ebde9989f6bc7c27dcaa79d81279a0
  RxAtomic: eacf60db868c96bfd63320e28619fe29c179656f
  RxBlocking: 138ad53217434444d6eeeb4fb406a45431d92e31
  RxCocoa: df63ebf7b9a70d6b4eeea407ed5dd4efc8979749
  RxSwift: 5976ecd04fc2fefd648827c23de5e11157faa973

PODFILE CHECKSUM: c07b13c11686ca99ab635ccf3cd8d45215b257b4

COCOAPODS: 1.5.3
