// !$*UTF8*$!
{
	archiveVersion = 1;
	classes = {
	};
	objectVersion = 50;
	objects = {

/* Begin PBXBuildFile section */
		042306502195D18500DDB75C /* PostsListCell.xib in Resources */ = {isa = PBXBuildFile; fileRef = 0423064F2195D18500DDB75C /* PostsListCell.xib */; };
		042306522195D7C400DDB75C /* PostsListCell.swift in Sources */ = {isa = PBXBuildFile; fileRef = 042306512195D7C400DDB75C /* PostsListCell.swift */; };
		04603B75219327DE00453ADC /* AppDelegate.swift in Sources */ = {isa = PBXBuildFile; fileRef = 04603B74219327DE00453ADC /* AppDelegate.swift */; };
		04603B7C219327DF00453ADC /* Assets.xcassets in Resources */ = {isa = PBXBuildFile; fileRef = 04603B7B219327DF00453ADC /* Assets.xcassets */; };
		04603B7F219327DF00453ADC /* LaunchScreen.storyboard in Resources */ = {isa = PBXBuildFile; fileRef = 04603B7D219327DF00453ADC /* LaunchScreen.storyboard */; };
		1F0FA2467C86B30BF3645F82 /* UIImage+UIColor.swift in Sources */ = {isa = PBXBuildFile; fileRef = 1F0FA4F20F5306217E3C1322 /* UIImage+UIColor.swift */; };
		1F0FA30AB64AB3C944669A46 /* BaseViewController.swift in Sources */ = {isa = PBXBuildFile; fileRef = 1F0FAE9D21C58E360A5E1A9D /* BaseViewController.swift */; };
		1F0FA3A76658DD261143076F /* PostsListViewModel.swift in Sources */ = {isa = PBXBuildFile; fileRef = 1F0FA5FA6CB4B328C1AA4ABD /* PostsListViewModel.swift */; };
		1F0FA4E2D64A6306516BA321 /* BackgroundSyncUseCase.swift in Sources */ = {isa = PBXBuildFile; fileRef = 1F0FAC01C13CCF2B70F327C2 /* BackgroundSyncUseCase.swift */; };
		1F0FA5FCE8B80D129C66C3C4 /* ParameterEncoder.swift in Sources */ = {isa = PBXBuildFile; fileRef = 1F0FA8782A2060EC2CBC218D /* ParameterEncoder.swift */; };
		1F0FA6265DBE70ACBA01FE9B /* APIClientTests.swift in Sources */ = {isa = PBXBuildFile; fileRef = 1F0FA828A8F00F4A7A52BDD1 /* APIClientTests.swift */; };
		1F0FA70953D155F6D92E15B4 /* XibBased.swift in Sources */ = {isa = PBXBuildFile; fileRef = 1F0FA3FB3CF638F0E377C826 /* XibBased.swift */; };
		1F0FA989270AC23BB2668C95 /* URLRequestComponents.swift in Sources */ = {isa = PBXBuildFile; fileRef = 1F0FA811DB3BD8419A19A11B /* URLRequestComponents.swift */; };
		1F0FA9DFB23DF71AF4ED9F17 /* UnitTestsAppDelegate.swift in Sources */ = {isa = PBXBuildFile; fileRef = 1F0FA8496040DFA07490CC2E /* UnitTestsAppDelegate.swift */; };
		1F0FA9E86300D1030D27E995 /* BackgroundSyncUseCaseTests.swift in Sources */ = {isa = PBXBuildFile; fileRef = 1F0FA170CE6467F334AB4911 /* BackgroundSyncUseCaseTests.swift */; };
		1F0FAB2AE1E9CB4AD7C24C6A /* ReusableView.swift in Sources */ = {isa = PBXBuildFile; fileRef = 1F0FAC8D78088C42BE31A196 /* ReusableView.swift */; };
		1F0FAB6A1554A5670C71ABA7 /* UIView+PinToEdges.swift in Sources */ = {isa = PBXBuildFile; fileRef = 1F0FAFA9ECA015BEC60BFCAD /* UIView+PinToEdges.swift */; };
		1F0FABD8C16EF39C205A2BB4 /* TitleStylingStrategy.swift in Sources */ = {isa = PBXBuildFile; fileRef = 1F0FAA3DCB995A4314502DC3 /* TitleStylingStrategy.swift */; };
		1F0FAD60B120C0502C027677 /* PostsListSnapshotTest.swift in Sources */ = {isa = PBXBuildFile; fileRef = 1F0FA55F2FC9526EEEB2A127 /* PostsListSnapshotTest.swift */; };
		1F0FADB9246B5AE02E043765 /* main.swift in Sources */ = {isa = PBXBuildFile; fileRef = 1F0FA63D7AC38701FF7F184E /* main.swift */; };
		54682932B9ED46D9CEECACCD /* Pods_SimplePostsAppTests.framework in Frameworks */ = {isa = PBXBuildFile; fileRef = B2509C8F6DD7D5F1035C4DEF /* Pods_SimplePostsAppTests.framework */; };
		66CDCBA22197541A00E72A43 /* SnapshotTestCase.swift in Sources */ = {isa = PBXBuildFile; fileRef = 66CDCBA12197541A00E72A43 /* SnapshotTestCase.swift */; };
		66CDCBA82198478A00E72A43 /* PostsListCellSnapshotTest.swift in Sources */ = {isa = PBXBuildFile; fileRef = 66CDCBA72198478A00E72A43 /* PostsListCellSnapshotTest.swift */; };
		66CDCBAA21984D4300E72A43 /* APIClient.swift in Sources */ = {isa = PBXBuildFile; fileRef = 66CDCBA921984D4300E72A43 /* APIClient.swift */; };
		66CDCBAC2198521A00E72A43 /* MockURLProtocol.swift in Sources */ = {isa = PBXBuildFile; fileRef = 66CDCBAB2198521A00E72A43 /* MockURLProtocol.swift */; };
		66CDCBAE2198623A00E72A43 /* AnyError.swift in Sources */ = {isa = PBXBuildFile; fileRef = 66CDCBAD2198623A00E72A43 /* AnyError.swift */; };
		8CB970E78EF77BD83B2D01C5 /* String+localized.swift in Sources */ = {isa = PBXBuildFile; fileRef = 8CB973A1C6986993D1108162 /* String+localized.swift */; };
		8CB97985347C16A159D480A9 /* PostsListViewController.swift in Sources */ = {isa = PBXBuildFile; fileRef = 8CB978DD0CB78FA73B162305 /* PostsListViewController.swift */; };
		8CB97ED33120917B32499A20 /* MainNavigator.swift in Sources */ = {isa = PBXBuildFile; fileRef = 8CB971A96FA281946F46CDB8 /* MainNavigator.swift */; };
		9A71CDA78854088965EE103B /* Pods_SimplePostsApp.framework in Frameworks */ = {isa = PBXBuildFile; fileRef = 35D848CE7199D8D7643880C4 /* Pods_SimplePostsApp.framework */; };
/* End PBXBuildFile section */

/* Begin PBXContainerItemProxy section */
		04603B86219327E000453ADC /* PBXContainerItemProxy */ = {
			isa = PBXContainerItemProxy;
			containerPortal = 04603B69219327DE00453ADC /* Project object */;
			proxyType = 1;
			remoteGlobalIDString = 04603B70219327DE00453ADC;
			remoteInfo = SimplePostsApp;
		};
/* End PBXContainerItemProxy section */

/* Begin PBXFileReference section */
		0423064F2195D18500DDB75C /* PostsListCell.xib */ = {isa = PBXFileReference; lastKnownFileType = file.xib; path = PostsListCell.xib; sourceTree = "<group>"; };
		042306512195D7C400DDB75C /* PostsListCell.swift */ = {isa = PBXFileReference; lastKnownFileType = sourcecode.swift; path = PostsListCell.swift; sourceTree = "<group>"; };
		04603B71219327DE00453ADC /* SimplePostsApp.app */ = {isa = PBXFileReference; explicitFileType = wrapper.application; includeInIndex = 0; path = SimplePostsApp.app; sourceTree = BUILT_PRODUCTS_DIR; };
		04603B74219327DE00453ADC /* AppDelegate.swift */ = {isa = PBXFileReference; lastKnownFileType = sourcecode.swift; path = AppDelegate.swift; sourceTree = "<group>"; };
		04603B7B219327DF00453ADC /* Assets.xcassets */ = {isa = PBXFileReference; lastKnownFileType = folder.assetcatalog; path = Assets.xcassets; sourceTree = "<group>"; };
		04603B7E219327DF00453ADC /* Base */ = {isa = PBXFileReference; lastKnownFileType = file.storyboard; name = Base; path = Base.lproj/LaunchScreen.storyboard; sourceTree = "<group>"; };
		04603B80219327DF00453ADC /* Info.plist */ = {isa = PBXFileReference; lastKnownFileType = text.plist.xml; path = Info.plist; sourceTree = "<group>"; };
		04603B85219327E000453ADC /* SimplePostsAppTests.xctest */ = {isa = PBXFileReference; explicitFileType = wrapper.cfbundle; includeInIndex = 0; path = SimplePostsAppTests.xctest; sourceTree = BUILT_PRODUCTS_DIR; };
		04603B8B219327E000453ADC /* Info.plist */ = {isa = PBXFileReference; lastKnownFileType = text.plist.xml; path = Info.plist; sourceTree = "<group>"; };
		0A74E4CA4A385A0DC72D4827 /* Pods-SimplePostsAppTests.release.xcconfig */ = {isa = PBXFileReference; includeInIndex = 1; lastKnownFileType = text.xcconfig; name = "Pods-SimplePostsAppTests.release.xcconfig"; path = "Pods/Target Support Files/Pods-SimplePostsAppTests/Pods-SimplePostsAppTests.release.xcconfig"; sourceTree = "<group>"; };
		1F0FA170CE6467F334AB4911 /* BackgroundSyncUseCaseTests.swift */ = {isa = PBXFileReference; fileEncoding = 4; lastKnownFileType = sourcecode.swift; path = BackgroundSyncUseCaseTests.swift; sourceTree = "<group>"; };
		1F0FA3FB3CF638F0E377C826 /* XibBased.swift */ = {isa = PBXFileReference; fileEncoding = 4; lastKnownFileType = sourcecode.swift; path = XibBased.swift; sourceTree = "<group>"; };
		1F0FA4F20F5306217E3C1322 /* UIImage+UIColor.swift */ = {isa = PBXFileReference; fileEncoding = 4; lastKnownFileType = sourcecode.swift; path = "UIImage+UIColor.swift"; sourceTree = "<group>"; };
		1F0FA55F2FC9526EEEB2A127 /* PostsListSnapshotTest.swift */ = {isa = PBXFileReference; fileEncoding = 4; lastKnownFileType = sourcecode.swift; path = PostsListSnapshotTest.swift; sourceTree = "<group>"; };
		1F0FA5FA6CB4B328C1AA4ABD /* PostsListViewModel.swift */ = {isa = PBXFileReference; fileEncoding = 4; lastKnownFileType = sourcecode.swift; path = PostsListViewModel.swift; sourceTree = "<group>"; };
		1F0FA63D7AC38701FF7F184E /* main.swift */ = {isa = PBXFileReference; fileEncoding = 4; lastKnownFileType = sourcecode.swift; path = main.swift; sourceTree = "<group>"; };
		1F0FA811DB3BD8419A19A11B /* URLRequestComponents.swift */ = {isa = PBXFileReference; fileEncoding = 4; lastKnownFileType = sourcecode.swift; path = URLRequestComponents.swift; sourceTree = "<group>"; };
		1F0FA828A8F00F4A7A52BDD1 /* APIClientTests.swift */ = {isa = PBXFileReference; fileEncoding = 4; lastKnownFileType = sourcecode.swift; path = APIClientTests.swift; sourceTree = "<group>"; };
		1F0FA8496040DFA07490CC2E /* UnitTestsAppDelegate.swift */ = {isa = PBXFileReference; fileEncoding = 4; lastKnownFileType = sourcecode.swift; path = UnitTestsAppDelegate.swift; sourceTree = "<group>"; };
		1F0FA8782A2060EC2CBC218D /* ParameterEncoder.swift */ = {isa = PBXFileReference; fileEncoding = 4; lastKnownFileType = sourcecode.swift; path = ParameterEncoder.swift; sourceTree = "<group>"; };
		1F0FAA3DCB995A4314502DC3 /* TitleStylingStrategy.swift */ = {isa = PBXFileReference; fileEncoding = 4; lastKnownFileType = sourcecode.swift; path = TitleStylingStrategy.swift; sourceTree = "<group>"; };
		1F0FAC01C13CCF2B70F327C2 /* BackgroundSyncUseCase.swift */ = {isa = PBXFileReference; fileEncoding = 4; lastKnownFileType = sourcecode.swift; path = BackgroundSyncUseCase.swift; sourceTree = "<group>"; };
		1F0FAC8D78088C42BE31A196 /* ReusableView.swift */ = {isa = PBXFileReference; fileEncoding = 4; lastKnownFileType = sourcecode.swift; path = ReusableView.swift; sourceTree = "<group>"; };
		1F0FAE9D21C58E360A5E1A9D /* BaseViewController.swift */ = {isa = PBXFileReference; fileEncoding = 4; lastKnownFileType = sourcecode.swift; path = BaseViewController.swift; sourceTree = "<group>"; };
		1F0FAFA9ECA015BEC60BFCAD /* UIView+PinToEdges.swift */ = {isa = PBXFileReference; fileEncoding = 4; lastKnownFileType = sourcecode.swift; path = "UIView+PinToEdges.swift"; sourceTree = "<group>"; };
		35D848CE7199D8D7643880C4 /* Pods_SimplePostsApp.framework */ = {isa = PBXFileReference; explicitFileType = wrapper.framework; includeInIndex = 0; path = Pods_SimplePostsApp.framework; sourceTree = BUILT_PRODUCTS_DIR; };
		5D90D4C9BC4AEB58702D7FB5 /* Pods-SimplePostsApp.release.xcconfig */ = {isa = PBXFileReference; includeInIndex = 1; lastKnownFileType = text.xcconfig; name = "Pods-SimplePostsApp.release.xcconfig"; path = "Pods/Target Support Files/Pods-SimplePostsApp/Pods-SimplePostsApp.release.xcconfig"; sourceTree = "<group>"; };
		66CDCBA12197541A00E72A43 /* SnapshotTestCase.swift */ = {isa = PBXFileReference; lastKnownFileType = sourcecode.swift; path = SnapshotTestCase.swift; sourceTree = "<group>"; };
		66CDCBA72198478A00E72A43 /* PostsListCellSnapshotTest.swift */ = {isa = PBXFileReference; lastKnownFileType = sourcecode.swift; path = PostsListCellSnapshotTest.swift; sourceTree = "<group>"; };
		66CDCBA921984D4300E72A43 /* APIClient.swift */ = {isa = PBXFileReference; lastKnownFileType = sourcecode.swift; path = APIClient.swift; sourceTree = "<group>"; };
		66CDCBAB2198521A00E72A43 /* MockURLProtocol.swift */ = {isa = PBXFileReference; lastKnownFileType = sourcecode.swift; path = MockURLProtocol.swift; sourceTree = "<group>"; };
		66CDCBAD2198623A00E72A43 /* AnyError.swift */ = {isa = PBXFileReference; lastKnownFileType = sourcecode.swift; path = AnyError.swift; sourceTree = "<group>"; };
		8CB971A96FA281946F46CDB8 /* MainNavigator.swift */ = {isa = PBXFileReference; fileEncoding = 4; lastKnownFileType = sourcecode.swift; path = MainNavigator.swift; sourceTree = "<group>"; };
		8CB973A1C6986993D1108162 /* String+localized.swift */ = {isa = PBXFileReference; fileEncoding = 4; lastKnownFileType = sourcecode.swift; path = "String+localized.swift"; sourceTree = "<group>"; };
		8CB978DD0CB78FA73B162305 /* PostsListViewController.swift */ = {isa = PBXFileReference; fileEncoding = 4; lastKnownFileType = sourcecode.swift; path = PostsListViewController.swift; sourceTree = "<group>"; };
		B2509C8F6DD7D5F1035C4DEF /* Pods_SimplePostsAppTests.framework */ = {isa = PBXFileReference; explicitFileType = wrapper.framework; includeInIndex = 0; path = Pods_SimplePostsAppTests.framework; sourceTree = BUILT_PRODUCTS_DIR; };
		E33FBEF13E04AF5980162FE6 /* Pods-SimplePostsApp.debug.xcconfig */ = {isa = PBXFileReference; includeInIndex = 1; lastKnownFileType = text.xcconfig; name = "Pods-SimplePostsApp.debug.xcconfig"; path = "Pods/Target Support Files/Pods-SimplePostsApp/Pods-SimplePostsApp.debug.xcconfig"; sourceTree = "<group>"; };
		FF9538709610E74C327DF82A /* Pods-SimplePostsAppTests.debug.xcconfig */ = {isa = PBXFileReference; includeInIndex = 1; lastKnownFileType = text.xcconfig; name = "Pods-SimplePostsAppTests.debug.xcconfig"; path = "Pods/Target Support Files/Pods-SimplePostsAppTests/Pods-SimplePostsAppTests.debug.xcconfig"; sourceTree = "<group>"; };
/* End PBXFileReference section */

/* Begin PBXFrameworksBuildPhase section */
		04603B6E219327DE00453ADC /* Frameworks */ = {
			isa = PBXFrameworksBuildPhase;
			buildActionMask = 2147483647;
			files = (
				9A71CDA78854088965EE103B /* Pods_SimplePostsApp.framework in Frameworks */,
			);
			runOnlyForDeploymentPostprocessing = 0;
		};
		04603B82219327E000453ADC /* Frameworks */ = {
			isa = PBXFrameworksBuildPhase;
			buildActionMask = 2147483647;
			files = (
				54682932B9ED46D9CEECACCD /* Pods_SimplePostsAppTests.framework in Frameworks */,
			);
			runOnlyForDeploymentPostprocessing = 0;
		};
/* End PBXFrameworksBuildPhase section */

/* Begin PBXGroup section */
		00894D63C0F59997746FBDAB /* Frameworks */ = {
			isa = PBXGroup;
			children = (
				35D848CE7199D8D7643880C4 /* Pods_SimplePostsApp.framework */,
				B2509C8F6DD7D5F1035C4DEF /* Pods_SimplePostsAppTests.framework */,
			);
			name = Frameworks;
			sourceTree = "<group>";
		};
		04603B68219327DE00453ADC = {
			isa = PBXGroup;
			children = (
				04603B73219327DE00453ADC /* SimplePostsApp */,
				04603B88219327E000453ADC /* SimplePostsAppTests */,
				04603B72219327DE00453ADC /* Products */,
				5A95FA09793502E41F16B161 /* Pods */,
				00894D63C0F59997746FBDAB /* Frameworks */,
			);
			sourceTree = "<group>";
		};
		04603B72219327DE00453ADC /* Products */ = {
			isa = PBXGroup;
			children = (
				04603B71219327DE00453ADC /* SimplePostsApp.app */,
				04603B85219327E000453ADC /* SimplePostsAppTests.xctest */,
			);
			name = Products;
			sourceTree = "<group>";
		};
		04603B73219327DE00453ADC /* SimplePostsApp */ = {
			isa = PBXGroup;
			children = (
				04603B74219327DE00453ADC /* AppDelegate.swift */,
				04603B7B219327DF00453ADC /* Assets.xcassets */,
				04603B7D219327DF00453ADC /* LaunchScreen.storyboard */,
				04603B80219327DF00453ADC /* Info.plist */,
				8CB970103B288FC976F0EB22 /* Modules */,
				8CB97CA04B437D76E974C90B /* Extensions */,
				1F0FA63D7AC38701FF7F184E /* main.swift */,
			);
			path = SimplePostsApp;
			sourceTree = "<group>";
		};
		04603B88219327E000453ADC /* SimplePostsAppTests */ = {
			isa = PBXGroup;
			children = (
				04603B8B219327E000453ADC /* Info.plist */,
				1F0FA6882A1FAE22ADEA0BB7 /* Modules */,
				66CDCBA12197541A00E72A43 /* SnapshotTestCase.swift */,
				1F0FA8496040DFA07490CC2E /* UnitTestsAppDelegate.swift */,
			);
			path = SimplePostsAppTests;
			sourceTree = "<group>";
		};
		1F0FA08D95DC3C5632A76C7B /* Background Sync */ = {
			isa = PBXGroup;
			children = (
				1F0FAC01C13CCF2B70F327C2 /* BackgroundSyncUseCase.swift */,
			);
			path = "Background Sync";
			sourceTree = "<group>";
		};
		1F0FA1CB0745A2308D1908BC /* Styling */ = {
			isa = PBXGroup;
			children = (
				1F0FAA3DCB995A4314502DC3 /* TitleStylingStrategy.swift */,
			);
			path = Styling;
			sourceTree = "<group>";
		};
		1F0FA2CBE00FC03DFF289E20 /* Shared */ = {
			isa = PBXGroup;
			children = (
				1F0FAE9D21C58E360A5E1A9D /* BaseViewController.swift */,
				1F0FA1CB0745A2308D1908BC /* Styling */,
				1F0FAC8D78088C42BE31A196 /* ReusableView.swift */,
				1F0FA3FB3CF638F0E377C826 /* XibBased.swift */,
				66CDCBAD2198623A00E72A43 /* AnyError.swift */,
			);
			path = Shared;
			sourceTree = "<group>";
		};
		1F0FA6882A1FAE22ADEA0BB7 /* Modules */ = {
			isa = PBXGroup;
			children = (
				1F0FADA2A4D8F7DF391EA4E4 /* PostsList */,
				1F0FA7C8AE7A9D037D1FE0FE /* APIConnection */,
				1F0FAF0E0E432B6D2055C7ED /* BackgroundSyncUseCase */,
			);
			path = Modules;
			sourceTree = "<group>";
		};
		1F0FA7C8AE7A9D037D1FE0FE /* APIConnection */ = {
			isa = PBXGroup;
			children = (
				1F0FA828A8F00F4A7A52BDD1 /* APIClientTests.swift */,
				66CDCBAB2198521A00E72A43 /* MockURLProtocol.swift */,
				1F0FAEAF4C4ABE36647D7277 /* Encoding */,
			);
			path = APIConnection;
			sourceTree = "<group>";
		};
		1F0FA87A48D1CA58265AA75E /* APIConnection */ = {
			isa = PBXGroup;
			children = (
				66CDCBA921984D4300E72A43 /* APIClient.swift */,
				1F0FA811DB3BD8419A19A11B /* URLRequestComponents.swift */,
			);
			path = APIConnection;
			sourceTree = "<group>";
		};
		1F0FADA2A4D8F7DF391EA4E4 /* PostsList */ = {
			isa = PBXGroup;
			children = (
				1F0FA55F2FC9526EEEB2A127 /* PostsListSnapshotTest.swift */,
				66CDCBA72198478A00E72A43 /* PostsListCellSnapshotTest.swift */,
			);
			path = PostsList;
			sourceTree = "<group>";
		};
		1F0FAEAF4C4ABE36647D7277 /* Encoding */ = {
			isa = PBXGroup;
			children = (
				1F0FA8782A2060EC2CBC218D /* ParameterEncoder.swift */,
			);
			path = Encoding;
			sourceTree = "<group>";
		};
		1F0FAF0E0E432B6D2055C7ED /* BackgroundSyncUseCase */ = {
			isa = PBXGroup;
			children = (
				1F0FA170CE6467F334AB4911 /* BackgroundSyncUseCaseTests.swift */,
			);
			path = BackgroundSyncUseCase;
			sourceTree = "<group>";
		};
		5A95FA09793502E41F16B161 /* Pods */ = {
			isa = PBXGroup;
			children = (
				E33FBEF13E04AF5980162FE6 /* Pods-SimplePostsApp.debug.xcconfig */,
				5D90D4C9BC4AEB58702D7FB5 /* Pods-SimplePostsApp.release.xcconfig */,
				FF9538709610E74C327DF82A /* Pods-SimplePostsAppTests.debug.xcconfig */,
				0A74E4CA4A385A0DC72D4827 /* Pods-SimplePostsAppTests.release.xcconfig */,
			);
			name = Pods;
			sourceTree = "<group>";
		};
		8CB970103B288FC976F0EB22 /* Modules */ = {
			isa = PBXGroup;
			children = (
				8CB97BFABA5B121CE14B3EDC /* PostList */,
				8CB97C2BDD2F2573498D8FB2 /* Initializing */,
				1F0FA2CBE00FC03DFF289E20 /* Shared */,
				1F0FA08D95DC3C5632A76C7B /* Background Sync */,
				1F0FA87A48D1CA58265AA75E /* APIConnection */,
			);
			path = Modules;
			sourceTree = "<group>";
		};
		8CB97BFABA5B121CE14B3EDC /* PostList */ = {
			isa = PBXGroup;
			children = (
				8CB978DD0CB78FA73B162305 /* PostsListViewController.swift */,
				0423064F2195D18500DDB75C /* PostsListCell.xib */,
				042306512195D7C400DDB75C /* PostsListCell.swift */,
				1F0FA5FA6CB4B328C1AA4ABD /* PostsListViewModel.swift */,
			);
			path = PostList;
			sourceTree = "<group>";
		};
		8CB97C2BDD2F2573498D8FB2 /* Initializing */ = {
			isa = PBXGroup;
			children = (
				8CB971A96FA281946F46CDB8 /* MainNavigator.swift */,
			);
			path = Initializing;
			sourceTree = "<group>";
		};
		8CB97CA04B437D76E974C90B /* Extensions */ = {
			isa = PBXGroup;
			children = (
				8CB973A1C6986993D1108162 /* String+localized.swift */,
				1F0FA4F20F5306217E3C1322 /* UIImage+UIColor.swift */,
				1F0FAFA9ECA015BEC60BFCAD /* UIView+PinToEdges.swift */,
			);
			path = Extensions;
			sourceTree = "<group>";
		};
/* End PBXGroup section */

/* Begin PBXNativeTarget section */
		04603B70219327DE00453ADC /* SimplePostsApp */ = {
			isa = PBXNativeTarget;
			buildConfigurationList = 04603B8E219327E000453ADC /* Build configuration list for PBXNativeTarget "SimplePostsApp" */;
			buildPhases = (
				28399C9C683576CDB1CEEA52 /* [CP] Check Pods Manifest.lock */,
				04603B6D219327DE00453ADC /* Sources */,
				04603B6E219327DE00453ADC /* Frameworks */,
				04603B6F219327DE00453ADC /* Resources */,
				33A68FE40581D2BF7163C6A1 /* [CP] Embed Pods Frameworks */,
			);
			buildRules = (
			);
			dependencies = (
			);
			name = SimplePostsApp;
			productName = SimplePostsApp;
			productReference = 04603B71219327DE00453ADC /* SimplePostsApp.app */;
			productType = "com.apple.product-type.application";
		};
		04603B84219327E000453ADC /* SimplePostsAppTests */ = {
			isa = PBXNativeTarget;
			buildConfigurationList = 04603B91219327E000453ADC /* Build configuration list for PBXNativeTarget "SimplePostsAppTests" */;
			buildPhases = (
				D48864BBDCC1A0DD98495E20 /* [CP] Check Pods Manifest.lock */,
				04603B81219327E000453ADC /* Sources */,
				04603B82219327E000453ADC /* Frameworks */,
				04603B83219327E000453ADC /* Resources */,
				92C8CFD397603FEB622B14BF /* [CP] Embed Pods Frameworks */,
			);
			buildRules = (
			);
			dependencies = (
				04603B87219327E000453ADC /* PBXTargetDependency */,
			);
			name = SimplePostsAppTests;
			productName = SimplePostsAppTests;
			productReference = 04603B85219327E000453ADC /* SimplePostsAppTests.xctest */;
			productType = "com.apple.product-type.bundle.unit-test";
		};
/* End PBXNativeTarget section */

/* Begin PBXProject section */
		04603B69219327DE00453ADC /* Project object */ = {
			isa = PBXProject;
			attributes = {
				LastSwiftUpdateCheck = 1000;
				LastUpgradeCheck = 1000;
				ORGANIZATIONNAME = "Adam Borek";
				TargetAttributes = {
					04603B70219327DE00453ADC = {
						CreatedOnToolsVersion = 10.0;
					};
					04603B84219327E000453ADC = {
						CreatedOnToolsVersion = 10.0;
						LastSwiftMigration = 1010;
						TestTargetID = 04603B70219327DE00453ADC;
					};
				};
			};
			buildConfigurationList = 04603B6C219327DE00453ADC /* Build configuration list for PBXProject "SimplePostsApp" */;
			compatibilityVersion = "Xcode 9.3";
			developmentRegion = en;
			hasScannedForEncodings = 0;
			knownRegions = (
				en,
				Base,
			);
			mainGroup = 04603B68219327DE00453ADC;
			productRefGroup = 04603B72219327DE00453ADC /* Products */;
			projectDirPath = "";
			projectRoot = "";
			targets = (
				04603B70219327DE00453ADC /* SimplePostsApp */,
				04603B84219327E000453ADC /* SimplePostsAppTests */,
			);
		};
/* End PBXProject section */

/* Begin PBXResourcesBuildPhase section */
		04603B6F219327DE00453ADC /* Resources */ = {
			isa = PBXResourcesBuildPhase;
			buildActionMask = 2147483647;
			files = (
				04603B7F219327DF00453ADC /* LaunchScreen.storyboard in Resources */,
				042306502195D18500DDB75C /* PostsListCell.xib in Resources */,
				04603B7C219327DF00453ADC /* Assets.xcassets in Resources */,
			);
			runOnlyForDeploymentPostprocessing = 0;
		};
		04603B83219327E000453ADC /* Resources */ = {
			isa = PBXResourcesBuildPhase;
			buildActionMask = 2147483647;
			files = (
			);
			runOnlyForDeploymentPostprocessing = 0;
		};
/* End PBXResourcesBuildPhase section */

/* Begin PBXShellScriptBuildPhase section */
		28399C9C683576CDB1CEEA52 /* [CP] Check Pods Manifest.lock */ = {
			isa = PBXShellScriptBuildPhase;
			buildActionMask = 2147483647;
			files = (
			);
			inputFileListPaths = (
			);
			inputPaths = (
				"${PODS_PODFILE_DIR_PATH}/Podfile.lock",
				"${PODS_ROOT}/Manifest.lock",
			);
			name = "[CP] Check Pods Manifest.lock";
			outputFileListPaths = (
			);
			outputPaths = (
				"$(DERIVED_FILE_DIR)/Pods-SimplePostsApp-checkManifestLockResult.txt",
			);
			runOnlyForDeploymentPostprocessing = 0;
			shellPath = /bin/sh;
			shellScript = "diff \"${PODS_PODFILE_DIR_PATH}/Podfile.lock\" \"${PODS_ROOT}/Manifest.lock\" > /dev/null\nif [ $? != 0 ] ; then\n    # print error to STDERR\n    echo \"error: The sandbox is not in sync with the Podfile.lock. Run 'pod install' or update your CocoaPods installation.\" >&2\n    exit 1\nfi\n# This output is used by Xcode 'outputs' to avoid re-running this script phase.\necho \"SUCCESS\" > \"${SCRIPT_OUTPUT_FILE_0}\"\n";
			showEnvVarsInLog = 0;
		};
		33A68FE40581D2BF7163C6A1 /* [CP] Embed Pods Frameworks */ = {
			isa = PBXShellScriptBuildPhase;
			buildActionMask = 2147483647;
			files = (
			);
			inputFileListPaths = (
			);
			inputPaths = (
				"${SRCROOT}/Pods/Target Support Files/Pods-SimplePostsApp/Pods-SimplePostsApp-frameworks.sh",
				"${BUILT_PRODUCTS_DIR}/Differentiator/Differentiator.framework",
				"${BUILT_PRODUCTS_DIR}/Kingfisher/Kingfisher.framework",
				"${BUILT_PRODUCTS_DIR}/RxAtomic/RxAtomic.framework",
				"${BUILT_PRODUCTS_DIR}/RxCocoa/RxCocoa.framework",
				"${BUILT_PRODUCTS_DIR}/RxDataSources/RxDataSources.framework",
				"${BUILT_PRODUCTS_DIR}/RxSwift/RxSwift.framework",
			);
			name = "[CP] Embed Pods Frameworks";
			outputFileListPaths = (
			);
			outputPaths = (
				"${TARGET_BUILD_DIR}/${FRAMEWORKS_FOLDER_PATH}/Differentiator.framework",
				"${TARGET_BUILD_DIR}/${FRAMEWORKS_FOLDER_PATH}/Kingfisher.framework",
				"${TARGET_BUILD_DIR}/${FRAMEWORKS_FOLDER_PATH}/RxAtomic.framework",
				"${TARGET_BUILD_DIR}/${FRAMEWORKS_FOLDER_PATH}/RxCocoa.framework",
				"${TARGET_BUILD_DIR}/${FRAMEWORKS_FOLDER_PATH}/RxDataSources.framework",
				"${TARGET_BUILD_DIR}/${FRAMEWORKS_FOLDER_PATH}/RxSwift.framework",
			);
			runOnlyForDeploymentPostprocessing = 0;
			shellPath = /bin/sh;
			shellScript = "\"${SRCROOT}/Pods/Target Support Files/Pods-SimplePostsApp/Pods-SimplePostsApp-frameworks.sh\"\n";
			showEnvVarsInLog = 0;
		};
		92C8CFD397603FEB622B14BF /* [CP] Embed Pods Frameworks */ = {
			isa = PBXShellScriptBuildPhase;
			buildActionMask = 2147483647;
			files = (
			);
			inputFileListPaths = (
			);
			inputPaths = (
				"${SRCROOT}/Pods/Target Support Files/Pods-SimplePostsAppTests/Pods-SimplePostsAppTests-frameworks.sh",
				"${BUILT_PRODUCTS_DIR}/RxAtomic/RxAtomic.framework",
				"${BUILT_PRODUCTS_DIR}/RxSwift/RxSwift.framework",
				"${BUILT_PRODUCTS_DIR}/RxBlocking/RxBlocking.framework",
				"${BUILT_PRODUCTS_DIR}/iOSSnapshotTestCase/FBSnapshotTestCase.framework",
			);
			name = "[CP] Embed Pods Frameworks";
			outputFileListPaths = (
			);
			outputPaths = (
				"${TARGET_BUILD_DIR}/${FRAMEWORKS_FOLDER_PATH}/RxAtomic.framework",
				"${TARGET_BUILD_DIR}/${FRAMEWORKS_FOLDER_PATH}/RxSwift.framework",
				"${TARGET_BUILD_DIR}/${FRAMEWORKS_FOLDER_PATH}/RxBlocking.framework",
				"${TARGET_BUILD_DIR}/${FRAMEWORKS_FOLDER_PATH}/FBSnapshotTestCase.framework",
			);
			runOnlyForDeploymentPostprocessing = 0;
			shellPath = /bin/sh;
			shellScript = "\"${SRCROOT}/Pods/Target Support Files/Pods-SimplePostsAppTests/Pods-SimplePostsAppTests-frameworks.sh\"\n";
			showEnvVarsInLog = 0;
		};
		D48864BBDCC1A0DD98495E20 /* [CP] Check Pods Manifest.lock */ = {
			isa = PBXShellScriptBuildPhase;
			buildActionMask = 2147483647;
			files = (
			);
			inputFileListPaths = (
			);
			inputPaths = (
				"${PODS_PODFILE_DIR_PATH}/Podfile.lock",
				"${PODS_ROOT}/Manifest.lock",
			);
			name = "[CP] Check Pods Manifest.lock";
			outputFileListPaths = (
			);
			outputPaths = (
				"$(DERIVED_FILE_DIR)/Pods-SimplePostsAppTests-checkManifestLockResult.txt",
			);
			runOnlyForDeploymentPostprocessing = 0;
			shellPath = /bin/sh;
			shellScript = "diff \"${PODS_PODFILE_DIR_PATH}/Podfile.lock\" \"${PODS_ROOT}/Manifest.lock\" > /dev/null\nif [ $? != 0 ] ; then\n    # print error to STDERR\n    echo \"error: The sandbox is not in sync with the Podfile.lock. Run 'pod install' or update your CocoaPods installation.\" >&2\n    exit 1\nfi\n# This output is used by Xcode 'outputs' to avoid re-running this script phase.\necho \"SUCCESS\" > \"${SCRIPT_OUTPUT_FILE_0}\"\n";
			showEnvVarsInLog = 0;
		};
/* End PBXShellScriptBuildPhase section */

/* Begin PBXSourcesBuildPhase section */
		04603B6D219327DE00453ADC /* Sources */ = {
			isa = PBXSourcesBuildPhase;
			buildActionMask = 2147483647;
			files = (
				04603B75219327DE00453ADC /* AppDelegate.swift in Sources */,
				66CDCBAA21984D4300E72A43 /* APIClient.swift in Sources */,
				042306522195D7C400DDB75C /* PostsListCell.swift in Sources */,
				8CB97985347C16A159D480A9 /* PostsListViewController.swift in Sources */,
				8CB97ED33120917B32499A20 /* MainNavigator.swift in Sources */,
				8CB970E78EF77BD83B2D01C5 /* String+localized.swift in Sources */,
				1F0FA30AB64AB3C944669A46 /* BaseViewController.swift in Sources */,
				1F0FABD8C16EF39C205A2BB4 /* TitleStylingStrategy.swift in Sources */,
				1F0FAB2AE1E9CB4AD7C24C6A /* ReusableView.swift in Sources */,
				1F0FA70953D155F6D92E15B4 /* XibBased.swift in Sources */,
				1F0FA3A76658DD261143076F /* PostsListViewModel.swift in Sources */,
				66CDCBAE2198623A00E72A43 /* AnyError.swift in Sources */,
				1F0FA2467C86B30BF3645F82 /* UIImage+UIColor.swift in Sources */,
				1F0FAB6A1554A5670C71ABA7 /* UIView+PinToEdges.swift in Sources */,
				1F0FA4E2D64A6306516BA321 /* BackgroundSyncUseCase.swift in Sources */,
				1F0FA5FCE8B80D129C66C3C4 /* ParameterEncoder.swift in Sources */,
				1F0FA989270AC23BB2668C95 /* URLRequestComponents.swift in Sources */,
				1F0FADB9246B5AE02E043765 /* main.swift in Sources */,
			);
			runOnlyForDeploymentPostprocessing = 0;
		};
		04603B81219327E000453ADC /* Sources */ = {
			isa = PBXSourcesBuildPhase;
			buildActionMask = 2147483647;
			files = (
				66CDCBA82198478A00E72A43 /* PostsListCellSnapshotTest.swift in Sources */,
				1F0FAD60B120C0502C027677 /* PostsListSnapshotTest.swift in Sources */,
				66CDCBAC2198521A00E72A43 /* MockURLProtocol.swift in Sources */,
				66CDCBA22197541A00E72A43 /* SnapshotTestCase.swift in Sources */,
				1F0FA6265DBE70ACBA01FE9B /* APIClientTests.swift in Sources */,
				1F0FA9E86300D1030D27E995 /* BackgroundSyncUseCaseTests.swift in Sources */,
				1F0FA9DFB23DF71AF4ED9F17 /* UnitTestsAppDelegate.swift in Sources */,
			);
			runOnlyForDeploymentPostprocessing = 0;
		};
/* End PBXSourcesBuildPhase section */

/* Begin PBXTargetDependency section */
		04603B87219327E000453ADC /* PBXTargetDependency */ = {
			isa = PBXTargetDependency;
			target = 04603B70219327DE00453ADC /* SimplePostsApp */;
			targetProxy = 04603B86219327E000453ADC /* PBXContainerItemProxy */;
		};
/* End PBXTargetDependency section */

/* Begin PBXVariantGroup section */
		04603B7D219327DF00453ADC /* LaunchScreen.storyboard */ = {
			isa = PBXVariantGroup;
			children = (
				04603B7E219327DF00453ADC /* Base */,
			);
			name = LaunchScreen.storyboard;
			sourceTree = "<group>";
		};
/* End PBXVariantGroup section */

/* Begin XCBuildConfiguration section */
		04603B8C219327E000453ADC /* Debug */ = {
			isa = XCBuildConfiguration;
			buildSettings = {
				ALWAYS_SEARCH_USER_PATHS = NO;
				CLANG_ANALYZER_NONNULL = YES;
				CLANG_ANALYZER_NUMBER_OBJECT_CONVERSION = YES_AGGRESSIVE;
				CLANG_CXX_LANGUAGE_STANDARD = "gnu++14";
				CLANG_CXX_LIBRARY = "libc++";
				CLANG_ENABLE_MODULES = YES;
				CLANG_ENABLE_OBJC_ARC = YES;
				CLANG_ENABLE_OBJC_WEAK = YES;
				CLANG_WARN_BLOCK_CAPTURE_AUTORELEASING = YES;
				CLANG_WARN_BOOL_CONVERSION = YES;
				CLANG_WARN_COMMA = YES;
				CLANG_WARN_CONSTANT_CONVERSION = YES;
				CLANG_WARN_DEPRECATED_OBJC_IMPLEMENTATIONS = YES;
				CLANG_WARN_DIRECT_OBJC_ISA_USAGE = YES_ERROR;
				CLANG_WARN_DOCUMENTATION_COMMENTS = YES;
				CLANG_WARN_EMPTY_BODY = YES;
				CLANG_WARN_ENUM_CONVERSION = YES;
				CLANG_WARN_INFINITE_RECURSION = YES;
				CLANG_WARN_INT_CONVERSION = YES;
				CLANG_WARN_NON_LITERAL_NULL_CONVERSION = YES;
				CLANG_WARN_OBJC_IMPLICIT_RETAIN_SELF = YES;
				CLANG_WARN_OBJC_LITERAL_CONVERSION = YES;
				CLANG_WARN_OBJC_ROOT_CLASS = YES_ERROR;
				CLANG_WARN_RANGE_LOOP_ANALYSIS = YES;
				CLANG_WARN_STRICT_PROTOTYPES = YES;
				CLANG_WARN_SUSPICIOUS_MOVE = YES;
				CLANG_WARN_UNGUARDED_AVAILABILITY = YES_AGGRESSIVE;
				CLANG_WARN_UNREACHABLE_CODE = YES;
				CLANG_WARN__DUPLICATE_METHOD_MATCH = YES;
				CODE_SIGN_IDENTITY = "iPhone Developer";
				COPY_PHASE_STRIP = NO;
				DEBUG_INFORMATION_FORMAT = dwarf;
				ENABLE_STRICT_OBJC_MSGSEND = YES;
				ENABLE_TESTABILITY = YES;
				GCC_C_LANGUAGE_STANDARD = gnu11;
				GCC_DYNAMIC_NO_PIC = NO;
				GCC_NO_COMMON_BLOCKS = YES;
				GCC_OPTIMIZATION_LEVEL = 0;
				GCC_PREPROCESSOR_DEFINITIONS = (
					"DEBUG=1",
					"$(inherited)",
				);
				GCC_WARN_64_TO_32_BIT_CONVERSION = YES;
				GCC_WARN_ABOUT_RETURN_TYPE = YES_ERROR;
				GCC_WARN_UNDECLARED_SELECTOR = YES;
				GCC_WARN_UNINITIALIZED_AUTOS = YES_AGGRESSIVE;
				GCC_WARN_UNUSED_FUNCTION = YES;
				GCC_WARN_UNUSED_VARIABLE = YES;
				IPHONEOS_DEPLOYMENT_TARGET = 12.0;
				MTL_ENABLE_DEBUG_INFO = INCLUDE_SOURCE;
				MTL_FAST_MATH = YES;
				ONLY_ACTIVE_ARCH = YES;
				SDKROOT = iphoneos;
				SWIFT_ACTIVE_COMPILATION_CONDITIONS = DEBUG;
				SWIFT_OPTIMIZATION_LEVEL = "-Onone";
			};
			name = Debug;
		};
		04603B8D219327E000453ADC /* Release */ = {
			isa = XCBuildConfiguration;
			buildSettings = {
				ALWAYS_SEARCH_USER_PATHS = NO;
				CLANG_ANALYZER_NONNULL = YES;
				CLANG_ANALYZER_NUMBER_OBJECT_CONVERSION = YES_AGGRESSIVE;
				CLANG_CXX_LANGUAGE_STANDARD = "gnu++14";
				CLANG_CXX_LIBRARY = "libc++";
				CLANG_ENABLE_MODULES = YES;
				CLANG_ENABLE_OBJC_ARC = YES;
				CLANG_ENABLE_OBJC_WEAK = YES;
				CLANG_WARN_BLOCK_CAPTURE_AUTORELEASING = YES;
				CLANG_WARN_BOOL_CONVERSION = YES;
				CLANG_WARN_COMMA = YES;
				CLANG_WARN_CONSTANT_CONVERSION = YES;
				CLANG_WARN_DEPRECATED_OBJC_IMPLEMENTATIONS = YES;
				CLANG_WARN_DIRECT_OBJC_ISA_USAGE = YES_ERROR;
				CLANG_WARN_DOCUMENTATION_COMMENTS = YES;
				CLANG_WARN_EMPTY_BODY = YES;
				CLANG_WARN_ENUM_CONVERSION = YES;
				CLANG_WARN_INFINITE_RECURSION = YES;
				CLANG_WARN_INT_CONVERSION = YES;
				CLANG_WARN_NON_LITERAL_NULL_CONVERSION = YES;
				CLANG_WARN_OBJC_IMPLICIT_RETAIN_SELF = YES;
				CLANG_WARN_OBJC_LITERAL_CONVERSION = YES;
				CLANG_WARN_OBJC_ROOT_CLASS = YES_ERROR;
				CLANG_WARN_RANGE_LOOP_ANALYSIS = YES;
				CLANG_WARN_STRICT_PROTOTYPES = YES;
				CLANG_WARN_SUSPICIOUS_MOVE = YES;
				CLANG_WARN_UNGUARDED_AVAILABILITY = YES_AGGRESSIVE;
				CLANG_WARN_UNREACHABLE_CODE = YES;
				CLANG_WARN__DUPLICATE_METHOD_MATCH = YES;
				CODE_SIGN_IDENTITY = "iPhone Developer";
				COPY_PHASE_STRIP = NO;
				DEBUG_INFORMATION_FORMAT = "dwarf-with-dsym";
				ENABLE_NS_ASSERTIONS = NO;
				ENABLE_STRICT_OBJC_MSGSEND = YES;
				GCC_C_LANGUAGE_STANDARD = gnu11;
				GCC_NO_COMMON_BLOCKS = YES;
				GCC_WARN_64_TO_32_BIT_CONVERSION = YES;
				GCC_WARN_ABOUT_RETURN_TYPE = YES_ERROR;
				GCC_WARN_UNDECLARED_SELECTOR = YES;
				GCC_WARN_UNINITIALIZED_AUTOS = YES_AGGRESSIVE;
				GCC_WARN_UNUSED_FUNCTION = YES;
				GCC_WARN_UNUSED_VARIABLE = YES;
				IPHONEOS_DEPLOYMENT_TARGET = 12.0;
				MTL_ENABLE_DEBUG_INFO = NO;
				MTL_FAST_MATH = YES;
				SDKROOT = iphoneos;
				SWIFT_COMPILATION_MODE = wholemodule;
				SWIFT_OPTIMIZATION_LEVEL = "-O";
				VALIDATE_PRODUCT = YES;
			};
			name = Release;
		};
		04603B8F219327E000453ADC /* Debug */ = {
			isa = XCBuildConfiguration;
			baseConfigurationReference = E33FBEF13E04AF5980162FE6 /* Pods-SimplePostsApp.debug.xcconfig */;
			buildSettings = {
				ASSETCATALOG_COMPILER_APPICON_NAME = AppIcon;
				CODE_SIGN_STYLE = Automatic;
				DEVELOPMENT_TEAM = M3HL3KR2BY;
				INFOPLIST_FILE = SimplePostsApp/Info.plist;
				LD_RUNPATH_SEARCH_PATHS = (
					"$(inherited)",
					"@executable_path/Frameworks",
				);
				PRODUCT_BUNDLE_IDENTIFIER = com.adamborek.SimplePostsApp;
				PRODUCT_NAME = "$(TARGET_NAME)";
				SWIFT_VERSION = 4.2;
				TARGETED_DEVICE_FAMILY = "1,2";
			};
			name = Debug;
		};
		04603B90219327E000453ADC /* Release */ = {
			isa = XCBuildConfiguration;
			baseConfigurationReference = 5D90D4C9BC4AEB58702D7FB5 /* Pods-SimplePostsApp.release.xcconfig */;
			buildSettings = {
				ASSETCATALOG_COMPILER_APPICON_NAME = AppIcon;
				CODE_SIGN_STYLE = Automatic;
				DEVELOPMENT_TEAM = M3HL3KR2BY;
				INFOPLIST_FILE = SimplePostsApp/Info.plist;
				LD_RUNPATH_SEARCH_PATHS = (
					"$(inherited)",
					"@executable_path/Frameworks",
				);
				PRODUCT_BUNDLE_IDENTIFIER = com.adamborek.SimplePostsApp;
				PRODUCT_NAME = "$(TARGET_NAME)";
				SWIFT_VERSION = 4.2;
				TARGETED_DEVICE_FAMILY = "1,2";
			};
			name = Release;
		};
		04603B92219327E000453ADC /* Debug */ = {
			isa = XCBuildConfiguration;
			baseConfigurationReference = FF9538709610E74C327DF82A /* Pods-SimplePostsAppTests.debug.xcconfig */;
			buildSettings = {
				ALWAYS_EMBED_SWIFT_STANDARD_LIBRARIES = "$(inherited)";
				BUNDLE_LOADER = "$(TEST_HOST)";
				CLANG_ENABLE_MODULES = YES;
				CODE_SIGN_STYLE = Automatic;
				DEVELOPMENT_TEAM = M3HL3KR2BY;
				INFOPLIST_FILE = SimplePostsAppTests/Info.plist;
				LD_RUNPATH_SEARCH_PATHS = (
					"$(inherited)",
					"@executable_path/Frameworks",
					"@loader_path/Frameworks",
				);
				PRODUCT_BUNDLE_IDENTIFIER = com.adamborek.SimplePostsAppTests;
				PRODUCT_NAME = "$(TARGET_NAME)";
				SWIFT_INSTALL_OBJC_HEADER = YES;
				SWIFT_OBJC_BRIDGING_HEADER = "";
				SWIFT_OPTIMIZATION_LEVEL = "-Onone";
				SWIFT_VERSION = 4.2;
				TARGETED_DEVICE_FAMILY = "1,2";
				TEST_HOST = "$(BUILT_PRODUCTS_DIR)/SimplePostsApp.app/SimplePostsApp";
			};
			name = Debug;
		};
		04603B93219327E000453ADC /* Release */ = {
			isa = XCBuildConfiguration;
			baseConfigurationReference = 0A74E4CA4A385A0DC72D4827 /* Pods-SimplePostsAppTests.release.xcconfig */;
			buildSettings = {
				ALWAYS_EMBED_SWIFT_STANDARD_LIBRARIES = "$(inherited)";
				BUNDLE_LOADER = "$(TEST_HOST)";
				CLANG_ENABLE_MODULES = YES;
				CODE_SIGN_STYLE = Automatic;
				DEVELOPMENT_TEAM = M3HL3KR2BY;
				INFOPLIST_FILE = SimplePostsAppTests/Info.plist;
				LD_RUNPATH_SEARCH_PATHS = (
					"$(inherited)",
					"@executable_path/Frameworks",
					"@loader_path/Frameworks",
				);
				PRODUCT_BUNDLE_IDENTIFIER = com.adamborek.SimplePostsAppTests;
				PRODUCT_NAME = "$(TARGET_NAME)";
				SWIFT_INSTALL_OBJC_HEADER = YES;
				SWIFT_OBJC_BRIDGING_HEADER = "";
				SWIFT_VERSION = 4.2;
				TARGETED_DEVICE_FAMILY = "1,2";
				TEST_HOST = "$(BUILT_PRODUCTS_DIR)/SimplePostsApp.app/SimplePostsApp";
			};
			name = Release;
		};
/* End XCBuildConfiguration section */

/* Begin XCConfigurationList section */
		04603B6C219327DE00453ADC /* Build configuration list for PBXProject "SimplePostsApp" */ = {
			isa = XCConfigurationList;
			buildConfigurations = (
				04603B8C219327E000453ADC /* Debug */,
				04603B8D219327E000453ADC /* Release */,
			);
			defaultConfigurationIsVisible = 0;
			defaultConfigurationName = Release;
		};
		04603B8E219327E000453ADC /* Build configuration list for PBXNativeTarget "SimplePostsApp" */ = {
			isa = XCConfigurationList;
			buildConfigurations = (
				04603B8F219327E000453ADC /* Debug */,
				04603B90219327E000453ADC /* Release */,
			);
			defaultConfigurationIsVisible = 0;
			defaultConfigurationName = Release;
		};
		04603B91219327E000453ADC /* Build configuration list for PBXNativeTarget "SimplePostsAppTests" */ = {
			isa = XCConfigurationList;
			buildConfigurations = (
				04603B92219327E000453ADC /* Debug */,
				04603B93219327E000453ADC /* Release */,
			);
			defaultConfigurationIsVisible = 0;
			defaultConfigurationName = Release;
		};
/* End XCConfigurationList section */
	};
	rootObject = 04603B69219327DE00453ADC /* Project object */;
}
